
Microsoft Visual Studio Solution File, Format Version 12.00
# Visual Studio Version 16
VisualStudioVersion = 16.0.34301.259
MinimumVisualStudioVersion = 10.0.40219.1
Project("{FAE04EC0-301F-11D3-BF4B-00C04F79EFBC}") = "LegacyHttpClient.App", "LegacyHttpClient.App\LegacyHttpClient.App.csproj", "{9536DF8D-2D85-4EE7-91EC-D59C7293F2A4}"
EndProject
Project("{FAE04EC0-301F-11D3-BF4B-00C04F79EFBC}") = "LegacyHttpClient.Library", "LegacyHttpClient.Library\LegacyHttpClient.Library.csproj", "{7E5F8CFB-898B-46F3-8A4C-10A8D7422F51}"
EndProject
Global
	GlobalSection(SolutionConfigurationPlatforms) = preSolution
		Debug|Any CPU = Debug|Any CPU
		Release|Any CPU = Release|Any CPU
	EndGlobalSection
	GlobalSection(ProjectConfigurationPlatforms) = postSolution
		{9536DF8D-2D85-4EE7-91EC-D59C7293F2A4}.Debug|Any CPU.ActiveCfg = Debug|Any CPU
		{9536DF8D-2D85-4EE7-91EC-D59C7293F2A4}.Debug|Any CPU.Build.0 = Debug|Any CPU
		{9536DF8D-2D85-4EE7-91EC-D59C7293F2A4}.Release|Any CPU.ActiveCfg = Release|Any CPU
		{9536DF8D-2D85-4EE7-91EC-D59C7293F2A4}.Release|Any CPU.Build.0 = Release|Any CPU
		{7E5F8CFB-898B-46F3-8A4C-10A8D7422F51}.Debug|Any CPU.ActiveCfg = Debug|Any CPU
		{7E5F8CFB-898B-46F3-8A4C-10A8D7422F51}.Debug|Any CPU.Build.0 = Debug|Any CPU
		{7E5F8CFB-898B-46F3-8A4C-10A8D7422F51}.Release|Any CPU.ActiveCfg = Release|Any CPU
		{7E5F8CFB-898B-46F3-8A4C-10A8D7422F51}.Release|Any CPU.Build.0 = Release|Any CPU
	EndGlobalSection
	GlobalSection(SolutionProperties) = preSolution
		HideSolutionNode = FALSE
	EndGlobalSection
	GlobalSection(ExtensibilityGlobals) = postSolution
		SolutionGuid = {C4D1BE71-2D4C-4562-945E-0B1B2814FFAC}
	EndGlobalSection
EndGlobal
